
Microsoft Visual Studio Solution File, Format Version 12.00
# Visual Studio Version 16
VisualStudioVersion = 16.0.29215.179
MinimumVisualStudioVersion = 10.0.40219.1
Project("{FAE04EC0-301F-11D3-BF4B-00C04F79EFBC}") = "Task1.1.1", "Denisov_Task1.1\Task1.1.1.csproj", "{78A8B504-7D20-4870-B849-7A405E0B52F8}"
EndProject
Project("{FAE04EC0-301F-11D3-BF4B-00C04F79EFBC}") = "Task1.1.2", "Task1.1.2\Task1.1.2.csproj", "{BD87BC1A-0E39-458F-9068-5B4A0D9577F6}"
EndProject
Project("{FAE04EC0-301F-11D3-BF4B-00C04F79EFBC}") = "Task1.1.3", "Task1.1.3\Task1.1.3.csproj", "{35AAAF10-2C22-494F-BB22-183A065B37E1}"
EndProject
Project("{FAE04EC0-301F-11D3-BF4B-00C04F79EFBC}") = "General", "Services\General.csproj", "{72A03A0A-B2E4-4584-84C1-60AC82309026}"
EndProject
Project("{FAE04EC0-301F-11D3-BF4B-00C04F79EFBC}") = "Task1.1.4", "Task1.1.4\Task1.1.4.csproj", "{53035CC4-D07F-4FB1-A56D-31AB33C5766C}"
EndProject
Project("{FAE04EC0-301F-11D3-BF4B-00C04F79EFBC}") = "Task1.1.5", "Task1.1.5\Task1.1.5.csproj", "{1398D7EB-DBFB-46F1-8010-4D297A7BEE70}"
EndProject
Project("{FAE04EC0-301F-11D3-BF4B-00C04F79EFBC}") = "Task1.1.6", "Task1.1.6\Task1.1.6.csproj", "{34454C86-311A-4084-9ECA-173924D49AE4}"
EndProject
Project("{FAE04EC0-301F-11D3-BF4B-00C04F79EFBC}") = "Task1.1.7", "Task1.1.7\Task1.1.7.csproj", "{8451CBCB-D2B7-4CE6-8ED3-CA891DD78532}"
EndProject
Project("{FAE04EC0-301F-11D3-BF4B-00C04F79EFBC}") = "Task1.1.8", "Task1.1.8\Task1.1.8.csproj", "{6B37F4D7-3903-4362-98DB-6F133693FF8B}"
EndProject
Project("{FAE04EC0-301F-11D3-BF4B-00C04F79EFBC}") = "Task1.1.9", "Task1.1.9\Task1.1.9.csproj", "{065A5B10-D23E-4AA6-91C8-35EB288F0814}"
EndProject
Project("{FAE04EC0-301F-11D3-BF4B-00C04F79EFBC}") = "Task1.1.10", "Task1.1.10\Task1.1.10.csproj", "{719E4077-057C-4E89-8B9C-3B45EC56F903}"
EndProject
Global
	GlobalSection(SolutionConfigurationPlatforms) = preSolution
		Debug|Any CPU = Debug|Any CPU
		Release|Any CPU = Release|Any CPU
	EndGlobalSection
	GlobalSection(ProjectConfigurationPlatforms) = postSolution
		{78A8B504-7D20-4870-B849-7A405E0B52F8}.Debug|Any CPU.ActiveCfg = Debug|Any CPU
		{78A8B504-7D20-4870-B849-7A405E0B52F8}.Debug|Any CPU.Build.0 = Debug|Any CPU
		{78A8B504-7D20-4870-B849-7A405E0B52F8}.Release|Any CPU.ActiveCfg = Release|Any CPU
		{78A8B504-7D20-4870-B849-7A405E0B52F8}.Release|Any CPU.Build.0 = Release|Any CPU
		{BD87BC1A-0E39-458F-9068-5B4A0D9577F6}.Debug|Any CPU.ActiveCfg = Debug|Any CPU
		{BD87BC1A-0E39-458F-9068-5B4A0D9577F6}.Debug|Any CPU.Build.0 = Debug|Any CPU
		{BD87BC1A-0E39-458F-9068-5B4A0D9577F6}.Release|Any CPU.ActiveCfg = Release|Any CPU
		{BD87BC1A-0E39-458F-9068-5B4A0D9577F6}.Release|Any CPU.Build.0 = Release|Any CPU
		{35AAAF10-2C22-494F-BB22-183A065B37E1}.Debug|Any CPU.ActiveCfg = Debug|Any CPU
		{35AAAF10-2C22-494F-BB22-183A065B37E1}.Debug|Any CPU.Build.0 = Debug|Any CPU
		{35AAAF10-2C22-494F-BB22-183A065B37E1}.Release|Any CPU.ActiveCfg = Release|Any CPU
		{35AAAF10-2C22-494F-BB22-183A065B37E1}.Release|Any CPU.Build.0 = Release|Any CPU
		{72A03A0A-B2E4-4584-84C1-60AC82309026}.Debug|Any CPU.ActiveCfg = Debug|Any CPU
		{72A03A0A-B2E4-4584-84C1-60AC82309026}.Debug|Any CPU.Build.0 = Debug|Any CPU
		{72A03A0A-B2E4-4584-84C1-60AC82309026}.Release|Any CPU.ActiveCfg = Release|Any CPU
		{72A03A0A-B2E4-4584-84C1-60AC82309026}.Release|Any CPU.Build.0 = Release|Any CPU
		{53035CC4-D07F-4FB1-A56D-31AB33C5766C}.Debug|Any CPU.ActiveCfg = Debug|Any CPU
		{53035CC4-D07F-4FB1-A56D-31AB33C5766C}.Debug|Any CPU.Build.0 = Debug|Any CPU
		{53035CC4-D07F-4FB1-A56D-31AB33C5766C}.Release|Any CPU.ActiveCfg = Release|Any CPU
		{53035CC4-D07F-4FB1-A56D-31AB33C5766C}.Release|Any CPU.Build.0 = Release|Any CPU
		{1398D7EB-DBFB-46F1-8010-4D297A7BEE70}.Debug|Any CPU.ActiveCfg = Debug|Any CPU
		{1398D7EB-DBFB-46F1-8010-4D297A7BEE70}.Debug|Any CPU.Build.0 = Debug|Any CPU
		{1398D7EB-DBFB-46F1-8010-4D297A7BEE70}.Release|Any CPU.ActiveCfg = Release|Any CPU
		{1398D7EB-DBFB-46F1-8010-4D297A7BEE70}.Release|Any CPU.Build.0 = Release|Any CPU
		{34454C86-311A-4084-9ECA-173924D49AE4}.Debug|Any CPU.ActiveCfg = Debug|Any CPU
		{34454C86-311A-4084-9ECA-173924D49AE4}.Debug|Any CPU.Build.0 = Debug|Any CPU
		{34454C86-311A-4084-9ECA-173924D49AE4}.Release|Any CPU.ActiveCfg = Release|Any CPU
		{34454C86-311A-4084-9ECA-173924D49AE4}.Release|Any CPU.Build.0 = Release|Any CPU
		{8451CBCB-D2B7-4CE6-8ED3-CA891DD78532}.Debug|Any CPU.ActiveCfg = Debug|Any CPU
		{8451CBCB-D2B7-4CE6-8ED3-CA891DD78532}.Debug|Any CPU.Build.0 = Debug|Any CPU
		{8451CBCB-D2B7-4CE6-8ED3-CA891DD78532}.Release|Any CPU.ActiveCfg = Release|Any CPU
		{8451CBCB-D2B7-4CE6-8ED3-CA891DD78532}.Release|Any CPU.Build.0 = Release|Any CPU
		{6B37F4D7-3903-4362-98DB-6F133693FF8B}.Debug|Any CPU.ActiveCfg = Debug|Any CPU
		{6B37F4D7-3903-4362-98DB-6F133693FF8B}.Debug|Any CPU.Build.0 = Debug|Any CPU
		{6B37F4D7-3903-4362-98DB-6F133693FF8B}.Release|Any CPU.ActiveCfg = Release|Any CPU
		{6B37F4D7-3903-4362-98DB-6F133693FF8B}.Release|Any CPU.Build.0 = Release|Any CPU
		{065A5B10-D23E-4AA6-91C8-35EB288F0814}.Debug|Any CPU.ActiveCfg = Debug|Any CPU
		{065A5B10-D23E-4AA6-91C8-35EB288F0814}.Debug|Any CPU.Build.0 = Debug|Any CPU
		{065A5B10-D23E-4AA6-91C8-35EB288F0814}.Release|Any CPU.ActiveCfg = Release|Any CPU
		{065A5B10-D23E-4AA6-91C8-35EB288F0814}.Release|Any CPU.Build.0 = Release|Any CPU
		{719E4077-057C-4E89-8B9C-3B45EC56F903}.Debug|Any CPU.ActiveCfg = Debug|Any CPU
		{719E4077-057C-4E89-8B9C-3B45EC56F903}.Debug|Any CPU.Build.0 = Debug|Any CPU
		{719E4077-057C-4E89-8B9C-3B45EC56F903}.Release|Any CPU.ActiveCfg = Release|Any CPU
		{719E4077-057C-4E89-8B9C-3B45EC56F903}.Release|Any CPU.Build.0 = Release|Any CPU
	EndGlobalSection
	GlobalSection(SolutionProperties) = preSolution
		HideSolutionNode = FALSE
	EndGlobalSection
	GlobalSection(ExtensibilityGlobals) = postSolution
		SolutionGuid = {76834232-10F8-4093-9BE1-8882E4AFA66F}
	EndGlobalSection
EndGlobal
