
Microsoft Visual Studio Solution File, Format Version 12.00
# Visual Studio Version 16
VisualStudioVersion = 16.0.30503.244
MinimumVisualStudioVersion = 10.0.40219.1
Project("{FAE04EC0-301F-11D3-BF4B-00C04F79EFBC}") = "Task_7", "Task_7\Task_7.csproj", "{7D298837-6888-420E-8CDE-D42557321868}"
EndProject
Project("{FAE04EC0-301F-11D3-BF4B-00C04F79EFBC}") = "Entities", "Entities\Entities.csproj", "{2B532B46-9EB5-44E3-A201-84CED28489CB}"
EndProject
Project("{FAE04EC0-301F-11D3-BF4B-00C04F79EFBC}") = "DataBaseAccessLayer", "DataBaseAccessLayer\DataBaseAccessLayer.csproj", "{619A1FBF-FF98-4431-8573-8FAD43C04F87}"
EndProject
Project("{2150E333-8FDC-42A3-9474-1A3956D46DE8}") = "DAL", "DAL", "{7DF0D6A9-2DF0-4C57-B4F5-F0B291B63D4D}"
EndProject
Project("{FAE04EC0-301F-11D3-BF4B-00C04F79EFBC}") = "DAL.Common", "DAL.Common\DAL.Common.csproj", "{BED8CBAA-FBCE-4204-AABE-6068D98890DD}"
EndProject
Project("{FAE04EC0-301F-11D3-BF4B-00C04F79EFBC}") = "DAL.DependencyResolver", "DAL.DependencyResolver\DAL.DependencyResolver.csproj", "{D75C2710-6469-4ADF-B05A-89DD26637097}"
EndProject
Project("{2150E333-8FDC-42A3-9474-1A3956D46DE8}") = "BLL", "BLL", "{0E33E078-6EDE-4F41-BB93-60FED835F974}"
EndProject
Project("{FAE04EC0-301F-11D3-BF4B-00C04F79EFBC}") = "BLL.Common", "BLL.Common\BLL.Common.csproj", "{EE4A01D9-B7B2-4700-A07E-424B8F83ABFA}"
EndProject
Project("{FAE04EC0-301F-11D3-BF4B-00C04F79EFBC}") = "BLL", "BLL\BLL.csproj", "{847BCF0F-EA87-462E-A033-09EB7C1B49E1}"
EndProject
Project("{FAE04EC0-301F-11D3-BF4B-00C04F79EFBC}") = "BLL.DependencyResolver", "BLL.DependencyResolver\BLL.DependencyResolver.csproj", "{40A9CBE6-425F-4599-8DDE-F9CACEEDE2B2}"
EndProject
Project("{2150E333-8FDC-42A3-9474-1A3956D46DE8}") = "PL", "PL", "{1604AE9A-12C6-4B74-87E6-873A7A140C7B}"
EndProject
Project("{2150E333-8FDC-42A3-9474-1A3956D46DE8}") = "EntitiesFolder", "EntitiesFolder", "{EA164761-4EB6-4A89-8736-6E8FDE7D237F}"
EndProject
Global
	GlobalSection(SolutionConfigurationPlatforms) = preSolution
		Debug|Any CPU = Debug|Any CPU
		Release|Any CPU = Release|Any CPU
	EndGlobalSection
	GlobalSection(ProjectConfigurationPlatforms) = postSolution
		{7D298837-6888-420E-8CDE-D42557321868}.Debug|Any CPU.ActiveCfg = Debug|Any CPU
		{7D298837-6888-420E-8CDE-D42557321868}.Debug|Any CPU.Build.0 = Debug|Any CPU
		{7D298837-6888-420E-8CDE-D42557321868}.Release|Any CPU.ActiveCfg = Release|Any CPU
		{7D298837-6888-420E-8CDE-D42557321868}.Release|Any CPU.Build.0 = Release|Any CPU
		{2B532B46-9EB5-44E3-A201-84CED28489CB}.Debug|Any CPU.ActiveCfg = Debug|Any CPU
		{2B532B46-9EB5-44E3-A201-84CED28489CB}.Debug|Any CPU.Build.0 = Debug|Any CPU
		{2B532B46-9EB5-44E3-A201-84CED28489CB}.Release|Any CPU.ActiveCfg = Release|Any CPU
		{2B532B46-9EB5-44E3-A201-84CED28489CB}.Release|Any CPU.Build.0 = Release|Any CPU
		{619A1FBF-FF98-4431-8573-8FAD43C04F87}.Debug|Any CPU.ActiveCfg = Debug|Any CPU
		{619A1FBF-FF98-4431-8573-8FAD43C04F87}.Debug|Any CPU.Build.0 = Debug|Any CPU
		{619A1FBF-FF98-4431-8573-8FAD43C04F87}.Release|Any CPU.ActiveCfg = Release|Any CPU
		{619A1FBF-FF98-4431-8573-8FAD43C04F87}.Release|Any CPU.Build.0 = Release|Any CPU
		{BED8CBAA-FBCE-4204-AABE-6068D98890DD}.Debug|Any CPU.ActiveCfg = Debug|Any CPU
		{BED8CBAA-FBCE-4204-AABE-6068D98890DD}.Debug|Any CPU.Build.0 = Debug|Any CPU
		{BED8CBAA-FBCE-4204-AABE-6068D98890DD}.Release|Any CPU.ActiveCfg = Release|Any CPU
		{BED8CBAA-FBCE-4204-AABE-6068D98890DD}.Release|Any CPU.Build.0 = Release|Any CPU
		{D75C2710-6469-4ADF-B05A-89DD26637097}.Debug|Any CPU.ActiveCfg = Debug|Any CPU
		{D75C2710-6469-4ADF-B05A-89DD26637097}.Debug|Any CPU.Build.0 = Debug|Any CPU
		{D75C2710-6469-4ADF-B05A-89DD26637097}.Release|Any CPU.ActiveCfg = Release|Any CPU
		{D75C2710-6469-4ADF-B05A-89DD26637097}.Release|Any CPU.Build.0 = Release|Any CPU
		{EE4A01D9-B7B2-4700-A07E-424B8F83ABFA}.Debug|Any CPU.ActiveCfg = Debug|Any CPU
		{EE4A01D9-B7B2-4700-A07E-424B8F83ABFA}.Debug|Any CPU.Build.0 = Debug|Any CPU
		{EE4A01D9-B7B2-4700-A07E-424B8F83ABFA}.Release|Any CPU.ActiveCfg = Release|Any CPU
		{EE4A01D9-B7B2-4700-A07E-424B8F83ABFA}.Release|Any CPU.Build.0 = Release|Any CPU
		{847BCF0F-EA87-462E-A033-09EB7C1B49E1}.Debug|Any CPU.ActiveCfg = Debug|Any CPU
		{847BCF0F-EA87-462E-A033-09EB7C1B49E1}.Debug|Any CPU.Build.0 = Debug|Any CPU
		{847BCF0F-EA87-462E-A033-09EB7C1B49E1}.Release|Any CPU.ActiveCfg = Release|Any CPU
		{847BCF0F-EA87-462E-A033-09EB7C1B49E1}.Release|Any CPU.Build.0 = Release|Any CPU
		{40A9CBE6-425F-4599-8DDE-F9CACEEDE2B2}.Debug|Any CPU.ActiveCfg = Debug|Any CPU
		{40A9CBE6-425F-4599-8DDE-F9CACEEDE2B2}.Debug|Any CPU.Build.0 = Debug|Any CPU
		{40A9CBE6-425F-4599-8DDE-F9CACEEDE2B2}.Release|Any CPU.ActiveCfg = Release|Any CPU
		{40A9CBE6-425F-4599-8DDE-F9CACEEDE2B2}.Release|Any CPU.Build.0 = Release|Any CPU
	EndGlobalSection
	GlobalSection(SolutionProperties) = preSolution
		HideSolutionNode = FALSE
	EndGlobalSection
	GlobalSection(NestedProjects) = preSolution
		{7D298837-6888-420E-8CDE-D42557321868} = {1604AE9A-12C6-4B74-87E6-873A7A140C7B}
		{2B532B46-9EB5-44E3-A201-84CED28489CB} = {EA164761-4EB6-4A89-8736-6E8FDE7D237F}
		{619A1FBF-FF98-4431-8573-8FAD43C04F87} = {7DF0D6A9-2DF0-4C57-B4F5-F0B291B63D4D}
		{BED8CBAA-FBCE-4204-AABE-6068D98890DD} = {7DF0D6A9-2DF0-4C57-B4F5-F0B291B63D4D}
		{D75C2710-6469-4ADF-B05A-89DD26637097} = {7DF0D6A9-2DF0-4C57-B4F5-F0B291B63D4D}
		{EE4A01D9-B7B2-4700-A07E-424B8F83ABFA} = {0E33E078-6EDE-4F41-BB93-60FED835F974}
		{847BCF0F-EA87-462E-A033-09EB7C1B49E1} = {0E33E078-6EDE-4F41-BB93-60FED835F974}
		{40A9CBE6-425F-4599-8DDE-F9CACEEDE2B2} = {0E33E078-6EDE-4F41-BB93-60FED835F974}
	EndGlobalSection
	GlobalSection(ExtensibilityGlobals) = postSolution
		SolutionGuid = {5CD15831-330A-49A3-A0EE-B0235D771A7C}
	EndGlobalSection
EndGlobal
